
Microsoft Visual Studio Solution File, Format Version 12.00
# Visual Studio Version 16
VisualStudioVersion = 16.0.31410.357
MinimumVisualStudioVersion = 10.0.40219.1
Project("{9A19103F-16F7-4668-BE54-9A1E7A4F7556}") = "HackerRank", "HackerRank.csproj", "{BA5442AB-A7A0-4C19-8C70-471547900ADD}"
EndProject
Global
	GlobalSection(SolutionConfigurationPlatforms) = preSolution
		Debug|Any CPU = Debug|Any CPU
		Release|Any CPU = Release|Any CPU
	EndGlobalSection
	GlobalSection(ProjectConfigurationPlatforms) = postSolution
		{BA5442AB-A7A0-4C19-8C70-471547900ADD}.Debug|Any CPU.ActiveCfg = Debug|Any CPU
		{BA5442AB-A7A0-4C19-8C70-471547900ADD}.Debug|Any CPU.Build.0 = Debug|Any CPU
		{BA5442AB-A7A0-4C19-8C70-471547900ADD}.Release|Any CPU.ActiveCfg = Release|Any CPU
		{BA5442AB-A7A0-4C19-8C70-471547900ADD}.Release|Any CPU.Build.0 = Release|Any CPU
	EndGlobalSection
	GlobalSection(SolutionProperties) = preSolution
		HideSolutionNode = FALSE
	EndGlobalSection
	GlobalSection(ExtensibilityGlobals) = postSolution
		SolutionGuid = {DFBE68FC-3732-447F-A94E-57297F517ECB}
	EndGlobalSection
EndGlobal
